{
  "lib/aave-v3-core": {
    "tag": {
      "name": "v1.19.4",
      "rev": "b74526a7bc67a3a117a1963fc871b3eb8cea8435"
    }
  },
  "lib/forge-std": {
    "tag": {
      "name": "v1.14.0",
      "rev": "1801b0541f4fda118a10798fd3486bb7051c5dd6"
    }
  },
  "lib/openzeppelin-contracts": {
    "tag": {
      "name": "v4.7.3",
      "rev": "ecd2ca2cd7cac116f7a37d0e474bbb3d7d5e1c4d"
    }
  },
  "lib/protocol-v3": {
    "tag": {
      "name": "v1.0.0",
      "rev": "ae054fdde5f463d8c0244e4e4e1900d11defb040"
    }
  },
  "lib/v3-core": {
    "tag": {
      "name": "v1.0.0",
      "rev": "e3589b192d0be27e100cd0daaf6c97204fdb1899"
    }
  },
  "lib/v3-periphery": {
    "tag": {
      "name": "v1.0.1",
      "rev": "7213d0c4cb31ecec3ef8602ecdc598dcff05086c"
    }
  }
}